version = 1
revision = 3
requires-python = ">=3.14"

[[package]]
name = "astral"
version = "3.2"
source = { registry = "https://pypi.org/simple" }
dependencies = [
    { name = "tzdata", marker = "sys_platform == 'win32'" },
]
sdist = { url = "https://files.pythonhosted.org/packages/04/d1/1adbf06a38dc339e41a1666f6c7135924594c20fd46e060fb263248c564d/astral-3.2.tar.gz", hash = "sha256:9b7c3b412e9e69d172cfb24be0e6addcc9f1bd01a28db8bebe66d75ccc533d88", size = 48075, upload-time = "2022-11-05T18:12:02.913Z" }
wheels = [
    { url = "https://files.pythonhosted.org/packages/2d/80/d6edd9c3259913cfe39aff2bea4da65de5ad0235a578405e37aabace5f2c/astral-3.2-py3-none-any.whl", hash = "sha256:cb7b49a3f0d4c64ae666be131276d2a3226134c598db10e672028cf8ff855f83", size = 38325, upload-time = "2022-11-05T18:12:01.164Z" },
]

[[package]]
name = "cffi"
version = "2.0.0"
source = { registry = "https://pypi.org/simple" }
dependencies = [
    { name = "pycparser", marker = "implementation_name != 'PyPy'" },
]
sdist = { url = "https://files.pythonhosted.org/packages/eb/56/b1ba7935a17738ae8453301356628e8147c79dbb825bcbc73dc7401f9846/cffi-2.0.0.tar.gz", hash = "sha256:44d1b5909021139fe36001ae048dbdde8214afa20200eda0f64c068cac5d5529", size = 523588, upload-time = "2025-09-08T23:24:04.541Z" }
wheels = [
    { url = "https://files.pythonhosted.org/packages/3e/aa/df335faa45b395396fcbc03de2dfcab242cd61a9900e914fe682a59170b1/cffi-2.0.0-cp314-cp314-win32.whl", hash = "sha256:087067fa8953339c723661eda6b54bc98c5625757ea62e95eb4898ad5e776e9f", size = 175328, upload-time = "2025-09-08T23:23:44.61Z" },
    { url = "https://files.pythonhosted.org/packages/bb/92/882c2d30831744296ce713f0feb4c1cd30f346ef747b530b5318715cc367/cffi-2.0.0-cp314-cp314-win_amd64.whl", hash = "sha256:203a48d1fb583fc7d78a4c6655692963b860a417c0528492a6bc21f1aaefab25", size = 185650, upload-time = "2025-09-08T23:23:45.848Z" },
    { url = "https://files.pythonhosted.org/packages/9f/2c/98ece204b9d35a7366b5b2c6539c350313ca13932143e79dc133ba757104/cffi-2.0.0-cp314-cp314-win_arm64.whl", hash = "sha256:dbd5c7a25a7cb98f5ca55d258b103a2054f859a46ae11aaf23134f9cc0d356ad", size = 180687, upload-time = "2025-09-08T23:23:47.105Z" },
    { url = "https://files.pythonhosted.org/packages/a0/1d/ec1a60bd1a10daa292d3cd6bb0b359a81607154fb8165f3ec95fe003b85c/cffi-2.0.0-cp314-cp314t-win32.whl", hash = "sha256:1fc9ea04857caf665289b7a75923f2c6ed559b8298a1b8c49e59f7dd95c8481e", size = 180487, upload-time = "2025-09-08T23:23:40.423Z" },
    { url = "https://files.pythonhosted.org/packages/bf/41/4c1168c74fac325c0c8156f04b6749c8b6a8f405bbf91413ba088359f60d/cffi-2.0.0-cp314-cp314t-win_amd64.whl", hash = "sha256:d68b6cef7827e8641e8ef16f4494edda8b36104d79773a334beaa1e3521430f6", size = 191726, upload-time = "2025-09-08T23:23:41.742Z" },
    { url = "https://files.pythonhosted.org/packages/ae/3a/dbeec9d1ee0844c679f6bb5d6ad4e9f198b1224f4e7a32825f47f6192b0c/cffi-2.0.0-cp314-cp314t-win_arm64.whl", hash = "sha256:0a1527a803f0a659de1af2e1fd700213caba79377e27e4693648c2923da066f9", size = 184195, upload-time = "2025-09-08T23:23:43.004Z" },
]

[[package]]
name = "gevent"
version = "25.9.1"
source = { registry = "https://pypi.org/simple" }
dependencies = [
    { name = "cffi", marker = "platform_python_implementation == 'CPython' and sys_platform == 'win32'" },
    { name = "greenlet", marker = "platform_python_implementation == 'CPython'" },
    { name = "zope-event" },
    { name = "zope-interface" },
]
sdist = { url = "https://files.pythonhosted.org/packages/9e/48/b3ef2673ffb940f980966694e40d6d32560f3ffa284ecaeb5ea3a90a6d3f/gevent-25.9.1.tar.gz", hash = "sha256:adf9cd552de44a4e6754c51ff2e78d9193b7fa6eab123db9578a210e657235dd", size = 5059025, upload-time = "2025-09-17T16:15:34.528Z" }
wheels = [
    { url = "https://files.pythonhosted.org/packages/15/1a/948f8167b2cdce573cf01cec07afc64d0456dc134b07900b26ac7018b37e/gevent-25.9.1-cp314-cp314-macosx_11_0_universal2.whl", hash = "sha256:1a3fe4ea1c312dbf6b375b416925036fe79a40054e6bf6248ee46526ea628be1", size = 2982934, upload-time = "2025-09-17T14:54:11.302Z" },
    { url = "https://files.pythonhosted.org/packages/9b/ec/726b146d1d3aad82e03d2e1e1507048ab6072f906e83f97f40667866e582/gevent-25.9.1-cp314-cp314-manylinux2014_aarch64.manylinux_2_17_aarch64.whl", hash = "sha256:0adb937f13e5fb90cca2edf66d8d7e99d62a299687400ce2edee3f3504009356", size = 1813982, upload-time = "2025-09-17T15:41:28.506Z" },
    { url = "https://files.pythonhosted.org/packages/35/5d/5f83f17162301662bd1ce702f8a736a8a8cac7b7a35e1d8b9866938d1f9d/gevent-25.9.1-cp314-cp314-manylinux2014_ppc64le.manylinux_2_17_ppc64le.whl", hash = "sha256:427f869a2050a4202d93cf7fd6ab5cffb06d3e9113c10c967b6e2a0d45237cb8", size = 1894902, upload-time = "2025-09-17T15:49:03.702Z" },
    { url = "https://files.pythonhosted.org/packages/83/cd/cf5e74e353f60dab357829069ffc300a7bb414c761f52cf8c0c6e9728b8d/gevent-25.9.1-cp314-cp314-manylinux2014_s390x.manylinux_2_17_s390x.whl", hash = "sha256:c049880175e8c93124188f9d926af0a62826a3b81aa6d3074928345f8238279e", size = 1861792, upload-time = "2025-09-17T15:49:23.279Z" },
    { url = "https://files.pythonhosted.org/packages/dd/65/b9a4526d4a4edce26fe4b3b993914ec9dc64baabad625a3101e51adb17f3/gevent-25.9.1-cp314-cp314-manylinux2014_x86_64.manylinux_2_17_x86_64.whl", hash = "sha256:b5a67a0974ad9f24721034d1e008856111e0535f1541499f72a733a73d658d1c", size = 2113215, upload-time = "2025-09-17T15:15:16.34Z" },
    { url = "https://files.pythonhosted.org/packages/e5/be/7d35731dfaf8370795b606e515d964a0967e129db76ea7873f552045dd39/gevent-25.9.1-cp314-cp314-musllinux_1_2_aarch64.whl", hash = "sha256:1d0f5d8d73f97e24ea8d24d8be0f51e0cf7c54b8021c1fddb580bf239474690f", size = 1833449, upload-time = "2025-09-17T15:52:43.75Z" },
    { url = "https://files.pythonhosted.org/packages/65/58/7bc52544ea5e63af88c4a26c90776feb42551b7555a1c89c20069c168a3f/gevent-25.9.1-cp314-cp314-musllinux_1_2_x86_64.whl", hash = "sha256:ddd3ff26e5c4240d3fbf5516c2d9d5f2a998ef87cfb73e1429cfaeaaec860fa6", size = 2176034, upload-time = "2025-09-17T15:24:15.676Z" },
    { url = "https://files.pythonhosted.org/packages/c2/69/a7c4ba2ffbc7c7dbf6d8b4f5d0f0a421f7815d229f4909854266c445a3d4/gevent-25.9.1-cp314-cp314-win_amd64.whl", hash = "sha256:bb63c0d6cb9950cc94036a4995b9cc4667b8915366613449236970f4394f94d7", size = 1703019, upload-time = "2025-09-17T19:30:55.272Z" },
]

[[package]]
name = "greenlet"
version = "3.2.4"
source = { registry = "https://pypi.org/simple" }
sdist = { url = "https://files.pythonhosted.org/packages/03/b8/704d753a5a45507a7aab61f18db9509302ed3d0a27ac7e0359ec2905b1a6/greenlet-3.2.4.tar.gz", hash = "sha256:0dca0d95ff849f9a364385f36ab49f50065d76964944638be9691e1832e9f86d", size = 188260, upload-time = "2025-08-07T13:24:33.51Z" }
wheels = [
    { url = "https://files.pythonhosted.org/packages/22/5c/85273fd7cc388285632b0498dbbab97596e04b154933dfe0f3e68156c68c/greenlet-3.2.4-cp314-cp314-macosx_11_0_universal2.whl", hash = "sha256:49a30d5fda2507ae77be16479bdb62a660fa51b1eb4928b524975b3bde77b3c0", size = 273586, upload-time = "2025-08-07T13:16:08.004Z" },
    { url = "https://files.pythonhosted.org/packages/d1/75/10aeeaa3da9332c2e761e4c50d4c3556c21113ee3f0afa2cf5769946f7a3/greenlet-3.2.4-cp314-cp314-manylinux2014_aarch64.manylinux_2_17_aarch64.whl", hash = "sha256:299fd615cd8fc86267b47597123e3f43ad79c9d8a22bebdce535e53550763e2f", size = 686346, upload-time = "2025-08-07T13:42:59.944Z" },
    { url = "https://files.pythonhosted.org/packages/c0/aa/687d6b12ffb505a4447567d1f3abea23bd20e73a5bed63871178e0831b7a/greenlet-3.2.4-cp314-cp314-manylinux2014_ppc64le.manylinux_2_17_ppc64le.whl", hash = "sha256:c17b6b34111ea72fc5a4e4beec9711d2226285f0386ea83477cbb97c30a3f3a5", size = 699218, upload-time = "2025-08-07T13:45:30.969Z" },
    { url = "https://files.pythonhosted.org/packages/dc/8b/29aae55436521f1d6f8ff4e12fb676f3400de7fcf27fccd1d4d17fd8fecd/greenlet-3.2.4-cp314-cp314-manylinux2014_s390x.manylinux_2_17_s390x.whl", hash = "sha256:b4a1870c51720687af7fa3e7cda6d08d801dae660f75a76f3845b642b4da6ee1", size = 694659, upload-time = "2025-08-07T13:53:17.759Z" },
    { url = "https://files.pythonhosted.org/packages/92/2e/ea25914b1ebfde93b6fc4ff46d6864564fba59024e928bdc7de475affc25/greenlet-3.2.4-cp314-cp314-manylinux2014_x86_64.manylinux_2_17_x86_64.whl", hash = "sha256:061dc4cf2c34852b052a8620d40f36324554bc192be474b9e9770e8c042fd735", size = 695355, upload-time = "2025-08-07T13:18:34.517Z" },
    { url = "https://files.pythonhosted.org/packages/72/60/fc56c62046ec17f6b0d3060564562c64c862948c9d4bc8aa807cf5bd74f4/greenlet-3.2.4-cp314-cp314-manylinux_2_24_x86_64.manylinux_2_28_x86_64.whl", hash = "sha256:44358b9bf66c8576a9f57a590d5f5d6e72fa4228b763d0e43fee6d3b06d3a337", size = 657512, upload-time = "2025-08-07T13:18:33.969Z" },
    { url = "https://files.pythonhosted.org/packages/23/6e/74407aed965a4ab6ddd93a7ded3180b730d281c77b765788419484cdfeef/greenlet-3.2.4-cp314-cp314-musllinux_1_2_aarch64.whl", hash = "sha256:2917bdf657f5859fbf3386b12d68ede4cf1f04c90c3a6bc1f013dd68a22e2269", size = 1612508, upload-time = "2025-11-04T12:42:23.427Z" },
    { url = "https://files.pythonhosted.org/packages/0d/da/343cd760ab2f92bac1845ca07ee3faea9fe52bee65f7bcb19f16ad7de08b/greenlet-3.2.4-cp314-cp314-musllinux_1_2_x86_64.whl", hash = "sha256:015d48959d4add5d6c9f6c5210ee3803a830dce46356e3bc326d6776bde54681", size = 1680760, upload-time = "2025-11-04T12:42:25.341Z" },
    { url = "https://files.pythonhosted.org/packages/e3/a5/6ddab2b4c112be95601c13428db1d8b6608a8b6039816f2ba09c346c08fc/greenlet-3.2.4-cp314-cp314-win_amd64.whl", hash = "sha256:e37ab26028f12dbb0ff65f29a8d3d44a765c61e729647bf2ddfbbed621726f01", size = 303425, upload-time = "2025-08-07T13:32:27.59Z" },
]

[[package]]
name = "paho-mqtt"
version = "2.1.0"
source = { registry = "https://pypi.org/simple" }
sdist = { url = "https://files.pythonhosted.org/packages/39/15/0a6214e76d4d32e7f663b109cf71fb22561c2be0f701d67f93950cd40542/paho_mqtt-2.1.0.tar.gz", hash = "sha256:12d6e7511d4137555a3f6ea167ae846af2c7357b10bc6fa4f7c3968fc1723834", size = 148848, upload-time = "2024-04-29T19:52:55.591Z" }
wheels = [
    { url = "https://files.pythonhosted.org/packages/c4/cb/00451c3cf31790287768bb12c6bec834f5d292eaf3022afc88e14b8afc94/paho_mqtt-2.1.0-py3-none-any.whl", hash = "sha256:6db9ba9b34ed5bc6b6e3812718c7e06e2fd7444540df2455d2c51bd58808feee", size = 67219, upload-time = "2024-04-29T19:52:48.345Z" },
]

[[package]]
name = "pulse-os"
version = "0.1.0"
source = { virtual = "." }
dependencies = [
    { name = "astral" },
    { name = "paho-mqtt" },
    { name = "websocket" },
]

[package.metadata]
requires-dist = [
    { name = "astral", specifier = ">=3.2" },
    { name = "paho-mqtt", specifier = ">=2.1.0" },
    { name = "websocket", specifier = ">=0.2.1" },
]

[[package]]
name = "pycparser"
version = "2.23"
source = { registry = "https://pypi.org/simple" }
sdist = { url = "https://files.pythonhosted.org/packages/fe/cf/d2d3b9f5699fb1e4615c8e32ff220203e43b248e1dfcc6736ad9057731ca/pycparser-2.23.tar.gz", hash = "sha256:78816d4f24add8f10a06d6f05b4d424ad9e96cfebf68a4ddc99c65c0720d00c2", size = 173734, upload-time = "2025-09-09T13:23:47.91Z" }
wheels = [
    { url = "https://files.pythonhosted.org/packages/a0/e3/59cd50310fc9b59512193629e1984c1f95e5c8ae6e5d8c69532ccc65a7fe/pycparser-2.23-py3-none-any.whl", hash = "sha256:e5c6e8d3fbad53479cab09ac03729e0a9faf2bee3db8208a550daf5af81a5934", size = 118140, upload-time = "2025-09-09T13:23:46.651Z" },
]

[[package]]
name = "tzdata"
version = "2025.2"
source = { registry = "https://pypi.org/simple" }
sdist = { url = "https://files.pythonhosted.org/packages/95/32/1a225d6164441be760d75c2c42e2780dc0873fe382da3e98a2e1e48361e5/tzdata-2025.2.tar.gz", hash = "sha256:b60a638fcc0daffadf82fe0f57e53d06bdec2f36c4df66280ae79bce6bd6f2b9", size = 196380, upload-time = "2025-03-23T13:54:43.652Z" }
wheels = [
    { url = "https://files.pythonhosted.org/packages/5c/23/c7abc0ca0a1526a0774eca151daeb8de62ec457e77262b66b359c3c7679e/tzdata-2025.2-py2.py3-none-any.whl", hash = "sha256:1a403fada01ff9221ca8044d701868fa132215d84beb92242d9acd2147f667a8", size = 347839, upload-time = "2025-03-23T13:54:41.845Z" },
]

[[package]]
name = "websocket"
version = "0.2.1"
source = { registry = "https://pypi.org/simple" }
dependencies = [
    { name = "gevent" },
    { name = "greenlet" },
]
sdist = { url = "https://files.pythonhosted.org/packages/f2/6d/a60d620ea575c885510c574909d2e3ed62129b121fa2df00ca1c81024c87/websocket-0.2.1.tar.gz", hash = "sha256:42b506fae914ac5ed654e23ba9742e6a342b1a1c3eb92632b6166c65256469a4", size = 195339, upload-time = "2010-12-03T11:51:30.867Z" }

[[package]]
name = "zope-event"
version = "6.1"
source = { registry = "https://pypi.org/simple" }
sdist = { url = "https://files.pythonhosted.org/packages/46/33/d3eeac228fc14de76615612ee208be2d8a5b5b0fada36bf9b62d6b40600c/zope_event-6.1.tar.gz", hash = "sha256:6052a3e0cb8565d3d4ef1a3a7809336ac519bc4fe38398cb8d466db09adef4f0", size = 18739, upload-time = "2025-11-07T08:05:49.934Z" }
wheels = [
    { url = "https://files.pythonhosted.org/packages/c2/b0/956902e5e1302f8c5d124e219c6bf214e2649f92ad5fce85b05c039a04c9/zope_event-6.1-py3-none-any.whl", hash = "sha256:0ca78b6391b694272b23ec1335c0294cc471065ed10f7f606858fc54566c25a0", size = 6414, upload-time = "2025-11-07T08:05:48.874Z" },
]

[[package]]
name = "zope-interface"
version = "8.1.1"
source = { registry = "https://pypi.org/simple" }
sdist = { url = "https://files.pythonhosted.org/packages/71/c9/5ec8679a04d37c797d343f650c51ad67d178f0001c363e44b6ac5f97a9da/zope_interface-8.1.1.tar.gz", hash = "sha256:51b10e6e8e238d719636a401f44f1e366146912407b58453936b781a19be19ec", size = 254748, upload-time = "2025-11-15T08:32:52.404Z" }
wheels = [
    { url = "https://files.pythonhosted.org/packages/b9/f5/44efbd98ba06cb937fce7a69fcd7a78c4ac7aa4e1ad2125536801376d2d0/zope_interface-8.1.1-cp314-cp314-macosx_10_9_x86_64.whl", hash = "sha256:da311e9d253991ca327601f47c4644d72359bac6950fbb22f971b24cd7850f8c", size = 209099, upload-time = "2025-11-15T08:37:09.395Z" },
    { url = "https://files.pythonhosted.org/packages/fd/36/a19866c09c8485c36a4c6908e1dd3f8820b41c1ee333c291157cf4cf09e7/zope_interface-8.1.1-cp314-cp314-macosx_11_0_arm64.whl", hash = "sha256:3fb25fca0442c7fb93c4ee40b42e3e033fef2f648730c4b7ae6d43222a3e8946", size = 209240, upload-time = "2025-11-15T08:37:10.687Z" },
    { url = "https://files.pythonhosted.org/packages/c1/28/0dbf40db772d779a4ac8d006a57ad60936d42ad4769a3d5410dcfb98f6f9/zope_interface-8.1.1-cp314-cp314-manylinux1_i686.manylinux2014_i686.manylinux_2_17_i686.manylinux_2_5_i686.whl", hash = "sha256:bac588d0742b4e35efb7c7df1dacc0397b51ed37a17d4169a38019a1cebacf0a", size = 260919, upload-time = "2025-11-15T08:37:11.838Z" },
    { url = "https://files.pythonhosted.org/packages/72/ae/650cd4c01dd1b32c26c800b2c4d852f044552c34a56fbb74d41f569cee31/zope_interface-8.1.1-cp314-cp314-manylinux1_x86_64.manylinux2014_x86_64.manylinux_2_17_x86_64.manylinux_2_5_x86_64.whl", hash = "sha256:3d1f053d2d5e2b393e619bce1e55954885c2e63969159aa521839e719442db49", size = 264102, upload-time = "2025-11-15T08:37:13.241Z" },
    { url = "https://files.pythonhosted.org/packages/46/f0/f534a2c34c006aa090c593cd70eaf94e259fd0786f934698d81f0534d907/zope_interface-8.1.1-cp314-cp314-manylinux2014_aarch64.manylinux_2_17_aarch64.whl", hash = "sha256:64a1ad7f4cb17d948c6bdc525a1d60c0e567b2526feb4fa38b38f249961306b8", size = 264276, upload-time = "2025-11-15T08:37:14.369Z" },
    { url = "https://files.pythonhosted.org/packages/5b/a8/d7e9cf03067b767e23908dbab5f6be7735d70cb4818311a248a8c4bb23cc/zope_interface-8.1.1-cp314-cp314-win_amd64.whl", hash = "sha256:169214da1b82b7695d1a36f92d70b11166d66b6b09d03df35d150cc62ac52276", size = 212492, upload-time = "2025-11-15T08:37:15.538Z" },
]
